
Microsoft Visual Studio Solution File, Format Version 12.00
# Visual Studio Version 16
VisualStudioVersion = 16.0.30330.147
MinimumVisualStudioVersion = 10.0.40219.1
Project("{FAE04EC0-301F-11D3-BF4B-00C04F79EFBC}") = "AdoNetModuleConsole", "AdoNetModuleConsole\AdoNetModuleConsole.csproj", "{9A04409A-4BEA-4105-8428-DCB7AE3CEFCE}"
EndProject
Project("{FAE04EC0-301F-11D3-BF4B-00C04F79EFBC}") = "AdoNetLib", "AdoNetLib\AdoNetLib.csproj", "{2DE6C642-5813-4250-A7C6-17A5D86E2756}"
EndProject
Global
	GlobalSection(SolutionConfigurationPlatforms) = preSolution
		Debug|Any CPU = Debug|Any CPU
		Release|Any CPU = Release|Any CPU
	EndGlobalSection
	GlobalSection(ProjectConfigurationPlatforms) = postSolution
		{9A04409A-4BEA-4105-8428-DCB7AE3CEFCE}.Debug|Any CPU.ActiveCfg = Debug|Any CPU
		{9A04409A-4BEA-4105-8428-DCB7AE3CEFCE}.Debug|Any CPU.Build.0 = Debug|Any CPU
		{9A04409A-4BEA-4105-8428-DCB7AE3CEFCE}.Release|Any CPU.ActiveCfg = Release|Any CPU
		{9A04409A-4BEA-4105-8428-DCB7AE3CEFCE}.Release|Any CPU.Build.0 = Release|Any CPU
		{2DE6C642-5813-4250-A7C6-17A5D86E2756}.Debug|Any CPU.ActiveCfg = Debug|Any CPU
		{2DE6C642-5813-4250-A7C6-17A5D86E2756}.Debug|Any CPU.Build.0 = Debug|Any CPU
		{2DE6C642-5813-4250-A7C6-17A5D86E2756}.Release|Any CPU.ActiveCfg = Release|Any CPU
		{2DE6C642-5813-4250-A7C6-17A5D86E2756}.Release|Any CPU.Build.0 = Release|Any CPU
	EndGlobalSection
	GlobalSection(SolutionProperties) = preSolution
		HideSolutionNode = FALSE
	EndGlobalSection
	GlobalSection(ExtensibilityGlobals) = postSolution
		SolutionGuid = {4AC9A03D-BA92-49CE-A62E-A4DC4C8D5C5A}
	EndGlobalSection
EndGlobal
